
Microsoft Visual Studio Solution File, Format Version 12.00
# Visual Studio Version 16
VisualStudioVersion = 16.0.30804.86
MinimumVisualStudioVersion = 10.0.40219.1
Project("{FAE04EC0-301F-11D3-BF4B-00C04F79EFBC}") = "InjazAnchor", "InjazAnchor\InjazAnchor.csproj", "{C97FDA33-451A-495F-B37C-0482D4526834}"
EndProject
Project("{FAE04EC0-301F-11D3-BF4B-00C04F79EFBC}") = "InjazAnchor.Data", "InjazAnchor.Data\InjazAnchor.Data.csproj", "{1CA35245-0B13-4EAC-9D11-579B4CE94BB8}"
EndProject
Global
	GlobalSection(SolutionConfigurationPlatforms) = preSolution
		Debug|Any CPU = Debug|Any CPU
		Release|Any CPU = Release|Any CPU
	EndGlobalSection
	GlobalSection(ProjectConfigurationPlatforms) = postSolution
		{C97FDA33-451A-495F-B37C-0482D4526834}.Debug|Any CPU.ActiveCfg = Debug|Any CPU
		{C97FDA33-451A-495F-B37C-0482D4526834}.Debug|Any CPU.Build.0 = Debug|Any CPU
		{C97FDA33-451A-495F-B37C-0482D4526834}.Release|Any CPU.ActiveCfg = Release|Any CPU
		{C97FDA33-451A-495F-B37C-0482D4526834}.Release|Any CPU.Build.0 = Release|Any CPU
		{1CA35245-0B13-4EAC-9D11-579B4CE94BB8}.Debug|Any CPU.ActiveCfg = Debug|Any CPU
		{1CA35245-0B13-4EAC-9D11-579B4CE94BB8}.Debug|Any CPU.Build.0 = Debug|Any CPU
		{1CA35245-0B13-4EAC-9D11-579B4CE94BB8}.Release|Any CPU.ActiveCfg = Release|Any CPU
		{1CA35245-0B13-4EAC-9D11-579B4CE94BB8}.Release|Any CPU.Build.0 = Release|Any CPU
	EndGlobalSection
	GlobalSection(SolutionProperties) = preSolution
		HideSolutionNode = FALSE
	EndGlobalSection
	GlobalSection(ExtensibilityGlobals) = postSolution
		SolutionGuid = {94DD6356-AA92-4E43-9BCC-63736ECCD01F}
	EndGlobalSection
EndGlobal
